
Microsoft Visual Studio Solution File, Format Version 12.00
# Visual Studio Version 17
VisualStudioVersion = 17.14.36705.20
MinimumVisualStudioVersion = 10.0.40219.1
Project("{FAE04EC0-301F-11D3-BF4B-00C04F79EFBC}") = "PokemonApi", "PokemonApi\PokemonApi.csproj", "{4F7D7E14-352B-921F-0930-E0F289571E01}"
EndProject
Project("{FAE04EC0-301F-11D3-BF4B-00C04F79EFBC}") = "Infrastructure", "Infrastructure\Infrastructure.csproj", "{5872AEB3-BAA3-FE31-B0EB-0FB6DBEDCF83}"
EndProject
Project("{FAE04EC0-301F-11D3-BF4B-00C04F79EFBC}") = "Application", "Application\Application.csproj", "{F80C4E72-27A0-12B5-0634-DD5C11CFB0C1}"
EndProject
Global
	GlobalSection(SolutionConfigurationPlatforms) = preSolution
		Debug|Any CPU = Debug|Any CPU
		Release|Any CPU = Release|Any CPU
	EndGlobalSection
	GlobalSection(ProjectConfigurationPlatforms) = postSolution
		{4F7D7E14-352B-921F-0930-E0F289571E01}.Debug|Any CPU.ActiveCfg = Debug|Any CPU
		{4F7D7E14-352B-921F-0930-E0F289571E01}.Debug|Any CPU.Build.0 = Debug|Any CPU
		{4F7D7E14-352B-921F-0930-E0F289571E01}.Release|Any CPU.ActiveCfg = Release|Any CPU
		{4F7D7E14-352B-921F-0930-E0F289571E01}.Release|Any CPU.Build.0 = Release|Any CPU
		{5872AEB3-BAA3-FE31-B0EB-0FB6DBEDCF83}.Debug|Any CPU.ActiveCfg = Debug|Any CPU
		{5872AEB3-BAA3-FE31-B0EB-0FB6DBEDCF83}.Debug|Any CPU.Build.0 = Debug|Any CPU
		{5872AEB3-BAA3-FE31-B0EB-0FB6DBEDCF83}.Release|Any CPU.ActiveCfg = Release|Any CPU
		{5872AEB3-BAA3-FE31-B0EB-0FB6DBEDCF83}.Release|Any CPU.Build.0 = Release|Any CPU
		{F80C4E72-27A0-12B5-0634-DD5C11CFB0C1}.Debug|Any CPU.ActiveCfg = Debug|Any CPU
		{F80C4E72-27A0-12B5-0634-DD5C11CFB0C1}.Debug|Any CPU.Build.0 = Debug|Any CPU
		{F80C4E72-27A0-12B5-0634-DD5C11CFB0C1}.Release|Any CPU.ActiveCfg = Release|Any CPU
		{F80C4E72-27A0-12B5-0634-DD5C11CFB0C1}.Release|Any CPU.Build.0 = Release|Any CPU
	EndGlobalSection
	GlobalSection(SolutionProperties) = preSolution
		HideSolutionNode = FALSE
	EndGlobalSection
	GlobalSection(ExtensibilityGlobals) = postSolution
		SolutionGuid = {E3F19D02-A904-4AC0-8F95-073432FFCA7F}
	EndGlobalSection
EndGlobal
